
Microsoft Visual Studio Solution File, Format Version 12.00
# Visual Studio 15
VisualStudioVersion = 15.0.27703.2026
MinimumVisualStudioVersion = 10.0.40219.1
Project("{FAE04EC0-301F-11D3-BF4B-00C04F79EFBC}") = "StandardizedQR", "StandardizedQR\StandardizedQR.csproj", "{7A54A3BF-D6B6-4E2B-9048-96F6C5A1C17C}"
EndProject
Project("{FAE04EC0-301F-11D3-BF4B-00C04F79EFBC}") = "StandardizedQR.UnitTests", "..\test\StandardizedQR.UnitTests\StandardizedQR.UnitTests.csproj", "{8437A3CF-C142-4C17-B2BA-24ECDCCA1727}"
EndProject
Global
	GlobalSection(SolutionConfigurationPlatforms) = preSolution
		Debug|Any CPU = Debug|Any CPU
		Release|Any CPU = Release|Any CPU
	EndGlobalSection
	GlobalSection(ProjectConfigurationPlatforms) = postSolution
		{7A54A3BF-D6B6-4E2B-9048-96F6C5A1C17C}.Debug|Any CPU.ActiveCfg = Debug|Any CPU
		{7A54A3BF-D6B6-4E2B-9048-96F6C5A1C17C}.Debug|Any CPU.Build.0 = Debug|Any CPU
		{7A54A3BF-D6B6-4E2B-9048-96F6C5A1C17C}.Release|Any CPU.ActiveCfg = Release|Any CPU
		{7A54A3BF-D6B6-4E2B-9048-96F6C5A1C17C}.Release|Any CPU.Build.0 = Release|Any CPU
		{8437A3CF-C142-4C17-B2BA-24ECDCCA1727}.Debug|Any CPU.ActiveCfg = Debug|Any CPU
		{8437A3CF-C142-4C17-B2BA-24ECDCCA1727}.Debug|Any CPU.Build.0 = Debug|Any CPU
		{8437A3CF-C142-4C17-B2BA-24ECDCCA1727}.Release|Any CPU.ActiveCfg = Release|Any CPU
		{8437A3CF-C142-4C17-B2BA-24ECDCCA1727}.Release|Any CPU.Build.0 = Release|Any CPU
	EndGlobalSection
	GlobalSection(SolutionProperties) = preSolution
		HideSolutionNode = FALSE
	EndGlobalSection
	GlobalSection(ExtensibilityGlobals) = postSolution
		SolutionGuid = {17D1EF1E-ACED-4820-A043-F7F16B354E97}
	EndGlobalSection
EndGlobal
